
Microsoft Visual Studio Solution File, Format Version 12.00
# Visual Studio Version 17
VisualStudioVersion = 17.14.36623.8 d17.14
MinimumVisualStudioVersion = 10.0.40219.1
Project("{FAE04EC0-301F-11D3-BF4B-00C04F79EFBC}") = "WPF_Login", "WPF_Login.csproj", "{248B6A90-F749-4492-BC3F-09E207DAA51A}"
EndProject
Global
	GlobalSection(SolutionConfigurationPlatforms) = preSolution
		Debug|Any CPU = Debug|Any CPU
		Release|Any CPU = Release|Any CPU
	EndGlobalSection
	GlobalSection(ProjectConfigurationPlatforms) = postSolution
		{248B6A90-F749-4492-BC3F-09E207DAA51A}.Debug|Any CPU.ActiveCfg = Debug|Any CPU
		{248B6A90-F749-4492-BC3F-09E207DAA51A}.Debug|Any CPU.Build.0 = Debug|Any CPU
		{248B6A90-F749-4492-BC3F-09E207DAA51A}.Release|Any CPU.ActiveCfg = Release|Any CPU
		{248B6A90-F749-4492-BC3F-09E207DAA51A}.Release|Any CPU.Build.0 = Release|Any CPU
	EndGlobalSection
	GlobalSection(SolutionProperties) = preSolution
		HideSolutionNode = FALSE
	EndGlobalSection
	GlobalSection(ExtensibilityGlobals) = postSolution
		SolutionGuid = {46C2B4F4-284D-466D-92E7-8BFD9AA71CAB}
	EndGlobalSection
EndGlobal
